
Microsoft Visual Studio Solution File, Format Version 12.00
# Visual Studio 15
VisualStudioVersion = 15.0.27703.2042
MinimumVisualStudioVersion = 10.0.40219.1
Project("{FAE04EC0-301F-11D3-BF4B-00C04F79EFBC}") = "LINQ", "LINQ\LINQ.csproj", "{904521DD-CCBC-4BC1-8A32-305E11CB07DB}"
EndProject
Project("{FAE04EC0-301F-11D3-BF4B-00C04F79EFBC}") = "ProgramTest", "ProgramTest\ProgramTest.csproj", "{66E47A5D-CE4B-42F6-A9C6-742579B1F045}"
EndProject
Global
	GlobalSection(SolutionConfigurationPlatforms) = preSolution
		Debug|Any CPU = Debug|Any CPU
		Release|Any CPU = Release|Any CPU
	EndGlobalSection
	GlobalSection(ProjectConfigurationPlatforms) = postSolution
		{904521DD-CCBC-4BC1-8A32-305E11CB07DB}.Debug|Any CPU.ActiveCfg = Debug|Any CPU
		{904521DD-CCBC-4BC1-8A32-305E11CB07DB}.Debug|Any CPU.Build.0 = Debug|Any CPU
		{904521DD-CCBC-4BC1-8A32-305E11CB07DB}.Release|Any CPU.ActiveCfg = Release|Any CPU
		{904521DD-CCBC-4BC1-8A32-305E11CB07DB}.Release|Any CPU.Build.0 = Release|Any CPU
		{66E47A5D-CE4B-42F6-A9C6-742579B1F045}.Debug|Any CPU.ActiveCfg = Debug|Any CPU
		{66E47A5D-CE4B-42F6-A9C6-742579B1F045}.Debug|Any CPU.Build.0 = Debug|Any CPU
		{66E47A5D-CE4B-42F6-A9C6-742579B1F045}.Release|Any CPU.ActiveCfg = Release|Any CPU
		{66E47A5D-CE4B-42F6-A9C6-742579B1F045}.Release|Any CPU.Build.0 = Release|Any CPU
	EndGlobalSection
	GlobalSection(SolutionProperties) = preSolution
		HideSolutionNode = FALSE
	EndGlobalSection
	GlobalSection(ExtensibilityGlobals) = postSolution
		SolutionGuid = {E388A542-619E-4682-8E00-875F8EA7A898}
	EndGlobalSection
EndGlobal
